
Microsoft Visual Studio Solution File, Format Version 12.00
# Visual Studio 2013
VisualStudioVersion = 12.0.30501.0
MinimumVisualStudioVersion = 10.0.40219.1
Project("{FAE04EC0-301F-11D3-BF4B-00C04F79EFBC}") = "1.1简单工厂模式", "1简单工厂模式\1.1简单工厂模式.csproj", "{4A4C17DF-3971-4377-8797-3465A9E55CEE}"
EndProject
Project("{FAE04EC0-301F-11D3-BF4B-00C04F79EFBC}") = "22策略模式", "策略模式\22策略模式.csproj", "{9DFEA681-5B94-4A56-A39D-4AD922DA2AD5}"
EndProject
Project("{FAE04EC0-301F-11D3-BF4B-00C04F79EFBC}") = "9装饰模式", "3装饰模式\9装饰模式.csproj", "{9501EDC9-86D7-42F3-820A-290C1EABEF7E}"
EndProject
Project("{FAE04EC0-301F-11D3-BF4B-00C04F79EFBC}") = "12代理模式", "4代理模式\12代理模式.csproj", "{80FDD0C2-B9D3-4910-8195-D3AAB6981618}"
EndProject
Project("{FAE04EC0-301F-11D3-BF4B-00C04F79EFBC}") = "1.2工厂方法模式", "工厂方法模式\1.2工厂方法模式.csproj", "{F5292B82-4E5A-47CC-A0C6-2785D163107E}"
EndProject
Project("{FAE04EC0-301F-11D3-BF4B-00C04F79EFBC}") = "4原型模式", "6原型模式\4原型模式.csproj", "{DBC0FF04-A027-4650-A84A-7550EA91B18B}"
EndProject
Project("{FAE04EC0-301F-11D3-BF4B-00C04F79EFBC}") = "14模板方法模式", "7模版模式\14模板方法模式.csproj", "{3AA70D4F-60FB-4334-84E9-9D80619B786C}"
EndProject
Project("{FAE04EC0-301F-11D3-BF4B-00C04F79EFBC}") = "10外观模式", "8外观模式\10外观模式.csproj", "{702EBC6E-ED5F-4C85-92FD-F11441E3B587}"
EndProject
Project("{FAE04EC0-301F-11D3-BF4B-00C04F79EFBC}") = "3建造者模式", "9建造者模式\3建造者模式.csproj", "{3AA84176-1E46-41E5-B1BC-76422ADDAD46}"
EndProject
Project("{FAE04EC0-301F-11D3-BF4B-00C04F79EFBC}") = "20观察者模式", "观察者模式\20观察者模式.csproj", "{7B0B9B72-780F-4407-B096-05803EA05989}"
EndProject
Project("{FAE04EC0-301F-11D3-BF4B-00C04F79EFBC}") = "2抽象工厂方法", "11抽象工厂方法\2抽象工厂方法.csproj", "{8EA3AE74-6777-4D30-A020-002F8B3D89CE}"
EndProject
Project("{FAE04EC0-301F-11D3-BF4B-00C04F79EFBC}") = "21状态模式", "12状态模式\21状态模式.csproj", "{FF72259D-B910-491E-ADEA-506F9E6785F4}"
EndProject
Project("{FAE04EC0-301F-11D3-BF4B-00C04F79EFBC}") = "6适配器模式", "13适配器模式\6适配器模式.csproj", "{9BC7C5E1-CB35-4C50-81EC-CAF5688476F3}"
EndProject
Project("{FAE04EC0-301F-11D3-BF4B-00C04F79EFBC}") = "19备忘录模式", "14备忘录模式\19备忘录模式.csproj", "{DAC8339C-DF4F-4DE2-BF20-C04B213CAD79}"
EndProject
Project("{FAE04EC0-301F-11D3-BF4B-00C04F79EFBC}") = "8组合模式", "15组合模式\8组合模式.csproj", "{0DF40881-B2A0-4E46-A1EB-514D3D80FAB7}"
EndProject
Project("{FAE04EC0-301F-11D3-BF4B-00C04F79EFBC}") = "5单例模式", "16单例模式\5单例模式.csproj", "{D7C3F2BC-FFED-449E-BE09-26E7ACE586DA}"
EndProject
Project("{FAE04EC0-301F-11D3-BF4B-00C04F79EFBC}") = "16命令模式", "17命令模式\16命令模式.csproj", "{62A3E48F-20E7-4B41-82ED-F61EC0A2E354}"
EndProject
Project("{FAE04EC0-301F-11D3-BF4B-00C04F79EFBC}") = "15职责链模式", "18职责链模式\15职责链模式.csproj", "{6FED5F12-2928-4970-9B4D-EEA423E8D342}"
EndProject
Project("{FAE04EC0-301F-11D3-BF4B-00C04F79EFBC}") = "18中介者模式", "19中介者模式\18中介者模式.csproj", "{7C4CBBFF-1636-4A80-A604-DFC9A2E34C04}"
EndProject
Project("{FAE04EC0-301F-11D3-BF4B-00C04F79EFBC}") = "11享元模式", "20享元模式\11享元模式.csproj", "{BB5EE471-DADF-431A-B3E5-58271DEA98BA}"
EndProject
Project("{FAE04EC0-301F-11D3-BF4B-00C04F79EFBC}") = "13解释器模式", "21解释器模式\13解释器模式.csproj", "{CDDEBCDF-0C6F-49BF-BA7B-EDFA7DA88808}"
EndProject
Project("{FAE04EC0-301F-11D3-BF4B-00C04F79EFBC}") = "23访问者模式", "22访问者模式\23访问者模式.csproj", "{C6714AEF-1234-447C-A305-F86B6C2875CF}"
EndProject
Project("{FAE04EC0-301F-11D3-BF4B-00C04F79EFBC}") = "7桥接模式", "7桥接模式\7桥接模式.csproj", "{DEA56251-441C-4400-B7BC-F10F8F1A621A}"
EndProject
Project("{FAE04EC0-301F-11D3-BF4B-00C04F79EFBC}") = "17迭代器模式", "17迭代器模式\17迭代器模式.csproj", "{6FB0DF57-CCCD-4EC4-B36B-E5C63F97633D}"
EndProject
Global
	GlobalSection(SolutionConfigurationPlatforms) = preSolution
		Debug|Any CPU = Debug|Any CPU
		Release|Any CPU = Release|Any CPU
	EndGlobalSection
	GlobalSection(ProjectConfigurationPlatforms) = postSolution
		{4A4C17DF-3971-4377-8797-3465A9E55CEE}.Debug|Any CPU.ActiveCfg = Debug|Any CPU
		{4A4C17DF-3971-4377-8797-3465A9E55CEE}.Debug|Any CPU.Build.0 = Debug|Any CPU
		{4A4C17DF-3971-4377-8797-3465A9E55CEE}.Release|Any CPU.ActiveCfg = Release|Any CPU
		{4A4C17DF-3971-4377-8797-3465A9E55CEE}.Release|Any CPU.Build.0 = Release|Any CPU
		{9DFEA681-5B94-4A56-A39D-4AD922DA2AD5}.Debug|Any CPU.ActiveCfg = Debug|Any CPU
		{9DFEA681-5B94-4A56-A39D-4AD922DA2AD5}.Debug|Any CPU.Build.0 = Debug|Any CPU
		{9DFEA681-5B94-4A56-A39D-4AD922DA2AD5}.Release|Any CPU.ActiveCfg = Release|Any CPU
		{9DFEA681-5B94-4A56-A39D-4AD922DA2AD5}.Release|Any CPU.Build.0 = Release|Any CPU
		{9501EDC9-86D7-42F3-820A-290C1EABEF7E}.Debug|Any CPU.ActiveCfg = Debug|Any CPU
		{9501EDC9-86D7-42F3-820A-290C1EABEF7E}.Debug|Any CPU.Build.0 = Debug|Any CPU
		{9501EDC9-86D7-42F3-820A-290C1EABEF7E}.Release|Any CPU.ActiveCfg = Release|Any CPU
		{9501EDC9-86D7-42F3-820A-290C1EABEF7E}.Release|Any CPU.Build.0 = Release|Any CPU
		{80FDD0C2-B9D3-4910-8195-D3AAB6981618}.Debug|Any CPU.ActiveCfg = Debug|Any CPU
		{80FDD0C2-B9D3-4910-8195-D3AAB6981618}.Debug|Any CPU.Build.0 = Debug|Any CPU
		{80FDD0C2-B9D3-4910-8195-D3AAB6981618}.Release|Any CPU.ActiveCfg = Release|Any CPU
		{80FDD0C2-B9D3-4910-8195-D3AAB6981618}.Release|Any CPU.Build.0 = Release|Any CPU
		{F5292B82-4E5A-47CC-A0C6-2785D163107E}.Debug|Any CPU.ActiveCfg = Debug|Any CPU
		{F5292B82-4E5A-47CC-A0C6-2785D163107E}.Debug|Any CPU.Build.0 = Debug|Any CPU
		{F5292B82-4E5A-47CC-A0C6-2785D163107E}.Release|Any CPU.ActiveCfg = Release|Any CPU
		{F5292B82-4E5A-47CC-A0C6-2785D163107E}.Release|Any CPU.Build.0 = Release|Any CPU
		{DBC0FF04-A027-4650-A84A-7550EA91B18B}.Debug|Any CPU.ActiveCfg = Debug|Any CPU
		{DBC0FF04-A027-4650-A84A-7550EA91B18B}.Debug|Any CPU.Build.0 = Debug|Any CPU
		{DBC0FF04-A027-4650-A84A-7550EA91B18B}.Release|Any CPU.ActiveCfg = Release|Any CPU
		{DBC0FF04-A027-4650-A84A-7550EA91B18B}.Release|Any CPU.Build.0 = Release|Any CPU
		{3AA70D4F-60FB-4334-84E9-9D80619B786C}.Debug|Any CPU.ActiveCfg = Debug|Any CPU
		{3AA70D4F-60FB-4334-84E9-9D80619B786C}.Debug|Any CPU.Build.0 = Debug|Any CPU
		{3AA70D4F-60FB-4334-84E9-9D80619B786C}.Release|Any CPU.ActiveCfg = Release|Any CPU
		{3AA70D4F-60FB-4334-84E9-9D80619B786C}.Release|Any CPU.Build.0 = Release|Any CPU
		{702EBC6E-ED5F-4C85-92FD-F11441E3B587}.Debug|Any CPU.ActiveCfg = Debug|Any CPU
		{702EBC6E-ED5F-4C85-92FD-F11441E3B587}.Debug|Any CPU.Build.0 = Debug|Any CPU
		{702EBC6E-ED5F-4C85-92FD-F11441E3B587}.Release|Any CPU.ActiveCfg = Release|Any CPU
		{702EBC6E-ED5F-4C85-92FD-F11441E3B587}.Release|Any CPU.Build.0 = Release|Any CPU
		{3AA84176-1E46-41E5-B1BC-76422ADDAD46}.Debug|Any CPU.ActiveCfg = Debug|Any CPU
		{3AA84176-1E46-41E5-B1BC-76422ADDAD46}.Debug|Any CPU.Build.0 = Debug|Any CPU
		{3AA84176-1E46-41E5-B1BC-76422ADDAD46}.Release|Any CPU.ActiveCfg = Release|Any CPU
		{3AA84176-1E46-41E5-B1BC-76422ADDAD46}.Release|Any CPU.Build.0 = Release|Any CPU
		{7B0B9B72-780F-4407-B096-05803EA05989}.Debug|Any CPU.ActiveCfg = Debug|Any CPU
		{7B0B9B72-780F-4407-B096-05803EA05989}.Debug|Any CPU.Build.0 = Debug|Any CPU
		{7B0B9B72-780F-4407-B096-05803EA05989}.Release|Any CPU.ActiveCfg = Release|Any CPU
		{7B0B9B72-780F-4407-B096-05803EA05989}.Release|Any CPU.Build.0 = Release|Any CPU
		{8EA3AE74-6777-4D30-A020-002F8B3D89CE}.Debug|Any CPU.ActiveCfg = Debug|Any CPU
		{8EA3AE74-6777-4D30-A020-002F8B3D89CE}.Debug|Any CPU.Build.0 = Debug|Any CPU
		{8EA3AE74-6777-4D30-A020-002F8B3D89CE}.Release|Any CPU.ActiveCfg = Release|Any CPU
		{8EA3AE74-6777-4D30-A020-002F8B3D89CE}.Release|Any CPU.Build.0 = Release|Any CPU
		{FF72259D-B910-491E-ADEA-506F9E6785F4}.Debug|Any CPU.ActiveCfg = Debug|Any CPU
		{FF72259D-B910-491E-ADEA-506F9E6785F4}.Debug|Any CPU.Build.0 = Debug|Any CPU
		{FF72259D-B910-491E-ADEA-506F9E6785F4}.Release|Any CPU.ActiveCfg = Release|Any CPU
		{FF72259D-B910-491E-ADEA-506F9E6785F4}.Release|Any CPU.Build.0 = Release|Any CPU
		{9BC7C5E1-CB35-4C50-81EC-CAF5688476F3}.Debug|Any CPU.ActiveCfg = Debug|Any CPU
		{9BC7C5E1-CB35-4C50-81EC-CAF5688476F3}.Debug|Any CPU.Build.0 = Debug|Any CPU
		{9BC7C5E1-CB35-4C50-81EC-CAF5688476F3}.Release|Any CPU.ActiveCfg = Release|Any CPU
		{9BC7C5E1-CB35-4C50-81EC-CAF5688476F3}.Release|Any CPU.Build.0 = Release|Any CPU
		{DAC8339C-DF4F-4DE2-BF20-C04B213CAD79}.Debug|Any CPU.ActiveCfg = Debug|Any CPU
		{DAC8339C-DF4F-4DE2-BF20-C04B213CAD79}.Debug|Any CPU.Build.0 = Debug|Any CPU
		{DAC8339C-DF4F-4DE2-BF20-C04B213CAD79}.Release|Any CPU.ActiveCfg = Release|Any CPU
		{DAC8339C-DF4F-4DE2-BF20-C04B213CAD79}.Release|Any CPU.Build.0 = Release|Any CPU
		{0DF40881-B2A0-4E46-A1EB-514D3D80FAB7}.Debug|Any CPU.ActiveCfg = Debug|Any CPU
		{0DF40881-B2A0-4E46-A1EB-514D3D80FAB7}.Debug|Any CPU.Build.0 = Debug|Any CPU
		{0DF40881-B2A0-4E46-A1EB-514D3D80FAB7}.Release|Any CPU.ActiveCfg = Release|Any CPU
		{0DF40881-B2A0-4E46-A1EB-514D3D80FAB7}.Release|Any CPU.Build.0 = Release|Any CPU
		{D7C3F2BC-FFED-449E-BE09-26E7ACE586DA}.Debug|Any CPU.ActiveCfg = Debug|Any CPU
		{D7C3F2BC-FFED-449E-BE09-26E7ACE586DA}.Debug|Any CPU.Build.0 = Debug|Any CPU
		{D7C3F2BC-FFED-449E-BE09-26E7ACE586DA}.Release|Any CPU.ActiveCfg = Release|Any CPU
		{D7C3F2BC-FFED-449E-BE09-26E7ACE586DA}.Release|Any CPU.Build.0 = Release|Any CPU
		{62A3E48F-20E7-4B41-82ED-F61EC0A2E354}.Debug|Any CPU.ActiveCfg = Debug|Any CPU
		{62A3E48F-20E7-4B41-82ED-F61EC0A2E354}.Debug|Any CPU.Build.0 = Debug|Any CPU
		{62A3E48F-20E7-4B41-82ED-F61EC0A2E354}.Release|Any CPU.ActiveCfg = Release|Any CPU
		{62A3E48F-20E7-4B41-82ED-F61EC0A2E354}.Release|Any CPU.Build.0 = Release|Any CPU
		{6FED5F12-2928-4970-9B4D-EEA423E8D342}.Debug|Any CPU.ActiveCfg = Debug|Any CPU
		{6FED5F12-2928-4970-9B4D-EEA423E8D342}.Debug|Any CPU.Build.0 = Debug|Any CPU
		{6FED5F12-2928-4970-9B4D-EEA423E8D342}.Release|Any CPU.ActiveCfg = Release|Any CPU
		{6FED5F12-2928-4970-9B4D-EEA423E8D342}.Release|Any CPU.Build.0 = Release|Any CPU
		{7C4CBBFF-1636-4A80-A604-DFC9A2E34C04}.Debug|Any CPU.ActiveCfg = Debug|Any CPU
		{7C4CBBFF-1636-4A80-A604-DFC9A2E34C04}.Debug|Any CPU.Build.0 = Debug|Any CPU
		{7C4CBBFF-1636-4A80-A604-DFC9A2E34C04}.Release|Any CPU.ActiveCfg = Release|Any CPU
		{7C4CBBFF-1636-4A80-A604-DFC9A2E34C04}.Release|Any CPU.Build.0 = Release|Any CPU
		{BB5EE471-DADF-431A-B3E5-58271DEA98BA}.Debug|Any CPU.ActiveCfg = Debug|Any CPU
		{BB5EE471-DADF-431A-B3E5-58271DEA98BA}.Debug|Any CPU.Build.0 = Debug|Any CPU
		{BB5EE471-DADF-431A-B3E5-58271DEA98BA}.Release|Any CPU.ActiveCfg = Release|Any CPU
		{BB5EE471-DADF-431A-B3E5-58271DEA98BA}.Release|Any CPU.Build.0 = Release|Any CPU
		{CDDEBCDF-0C6F-49BF-BA7B-EDFA7DA88808}.Debug|Any CPU.ActiveCfg = Debug|Any CPU
		{CDDEBCDF-0C6F-49BF-BA7B-EDFA7DA88808}.Debug|Any CPU.Build.0 = Debug|Any CPU
		{CDDEBCDF-0C6F-49BF-BA7B-EDFA7DA88808}.Release|Any CPU.ActiveCfg = Release|Any CPU
		{CDDEBCDF-0C6F-49BF-BA7B-EDFA7DA88808}.Release|Any CPU.Build.0 = Release|Any CPU
		{C6714AEF-1234-447C-A305-F86B6C2875CF}.Debug|Any CPU.ActiveCfg = Debug|Any CPU
		{C6714AEF-1234-447C-A305-F86B6C2875CF}.Debug|Any CPU.Build.0 = Debug|Any CPU
		{C6714AEF-1234-447C-A305-F86B6C2875CF}.Release|Any CPU.ActiveCfg = Release|Any CPU
		{C6714AEF-1234-447C-A305-F86B6C2875CF}.Release|Any CPU.Build.0 = Release|Any CPU
		{DEA56251-441C-4400-B7BC-F10F8F1A621A}.Debug|Any CPU.ActiveCfg = Debug|Any CPU
		{DEA56251-441C-4400-B7BC-F10F8F1A621A}.Debug|Any CPU.Build.0 = Debug|Any CPU
		{DEA56251-441C-4400-B7BC-F10F8F1A621A}.Release|Any CPU.ActiveCfg = Release|Any CPU
		{DEA56251-441C-4400-B7BC-F10F8F1A621A}.Release|Any CPU.Build.0 = Release|Any CPU
		{6FB0DF57-CCCD-4EC4-B36B-E5C63F97633D}.Debug|Any CPU.ActiveCfg = Debug|Any CPU
		{6FB0DF57-CCCD-4EC4-B36B-E5C63F97633D}.Debug|Any CPU.Build.0 = Debug|Any CPU
		{6FB0DF57-CCCD-4EC4-B36B-E5C63F97633D}.Release|Any CPU.ActiveCfg = Release|Any CPU
		{6FB0DF57-CCCD-4EC4-B36B-E5C63F97633D}.Release|Any CPU.Build.0 = Release|Any CPU
	EndGlobalSection
	GlobalSection(SolutionProperties) = preSolution
		HideSolutionNode = FALSE
	EndGlobalSection
EndGlobal
